{
  "name": "chiptune",
  "version": "1.0.0",
  "lockfileVersion": 1,
  "requires": true,
  "dependencies": {
    "chiptune2-temp": {
      "version": "1.0.0",
      "resolved": "https://registry.npmjs.org/chiptune2-temp/-/chiptune2-temp-1.0.0.tgz",
      "integrity": "sha512-QSkfCoAHznE9RiWCX3dqurcfO96xa7Kb/W8hDjlgMSle80EECS6NDvkjM4IUU37gCMvrFkinHoMa4Vwx0yK9mg=="
    },
    "jsxm": {
      "version": "git+https://github.com/a1k0n/jsxm.git#2fbc96f1d8868f2dab845168e7f4204e9799c1e1"
    },
    "protracker": {
      "version": "0.0.2",
      "resolved": "https://registry.npmjs.org/protracker/-/protracker-0.0.2.tgz",
      "integrity": "sha1-NSVmR5+SK9eTmp9ySy7pI3fB8/o="
    }
  }
}
